
Microsoft Visual Studio Solution File, Format Version 12.00
# Visual Studio 15
VisualStudioVersion = 15.0.26124.0
MinimumVisualStudioVersion = 15.0.26124.0
Project("{9A19103F-16F7-4668-BE54-9A1E7A4F7556}") = "RateIt.TechnicalTest", "RateIt.TechnicalTest\RateIt.TechnicalTest.csproj", "{3D79CC14-F987-4A55-B346-231E0BC70207}"
EndProject
Project("{9A19103F-16F7-4668-BE54-9A1E7A4F7556}") = "RateIt.Core", "RateIt.Core\RateIt.Core.csproj", "{41CB5B12-843B-4175-BEDA-461F22368E88}"
EndProject
Project("{9A19103F-16F7-4668-BE54-9A1E7A4F7556}") = "RateIt.Entities", "RateIt.Entities\RateIt.Entities.csproj", "{86AEF55B-32B7-4FF4-AE6A-FDE06102B882}"
EndProject
Project("{FAE04EC0-301F-11D3-BF4B-00C04F79EFBC}") = "RateIt.Core.Tests", "RateIt.Core.Tests\RateIt.Core.Tests.csproj", "{2155646E-50A6-4DFD-A130-B7109E54A9C8}"
EndProject
Project("{2150E333-8FDC-42A3-9474-1A3956D46DE8}") = "Core", "Core", "{8C62A082-7AEB-455A-947B-EFF546D97403}"
EndProject
Project("{2150E333-8FDC-42A3-9474-1A3956D46DE8}") = "Tests", "Tests", "{9EFD0B99-33DC-44FE-873D-EBAA55D5611C}"
EndProject
Project("{FAE04EC0-301F-11D3-BF4B-00C04F79EFBC}") = "RateIt.Entities.Tests", "RateIt.Entities.Tests\RateIt.Entities.Tests.csproj", "{B36BCE1C-7763-4680-95CF-C9907D970628}"
EndProject
Project("{FAE04EC0-301F-11D3-BF4B-00C04F79EFBC}") = "RateIt.Common", "RateIt.Common\RateIt.Common.csproj", "{368DC325-9727-4DBA-88B7-B23BDBE49FCC}"
EndProject
Global
	GlobalSection(SolutionConfigurationPlatforms) = preSolution
		Debug|Any CPU = Debug|Any CPU
		Release|Any CPU = Release|Any CPU
	EndGlobalSection
	GlobalSection(ProjectConfigurationPlatforms) = postSolution
		{3D79CC14-F987-4A55-B346-231E0BC70207}.Debug|Any CPU.ActiveCfg = Debug|Any CPU
		{3D79CC14-F987-4A55-B346-231E0BC70207}.Debug|Any CPU.Build.0 = Debug|Any CPU
		{3D79CC14-F987-4A55-B346-231E0BC70207}.Release|Any CPU.ActiveCfg = Release|Any CPU
		{3D79CC14-F987-4A55-B346-231E0BC70207}.Release|Any CPU.Build.0 = Release|Any CPU
		{41CB5B12-843B-4175-BEDA-461F22368E88}.Debug|Any CPU.ActiveCfg = Debug|Any CPU
		{41CB5B12-843B-4175-BEDA-461F22368E88}.Debug|Any CPU.Build.0 = Debug|Any CPU
		{41CB5B12-843B-4175-BEDA-461F22368E88}.Release|Any CPU.ActiveCfg = Release|Any CPU
		{41CB5B12-843B-4175-BEDA-461F22368E88}.Release|Any CPU.Build.0 = Release|Any CPU
		{86AEF55B-32B7-4FF4-AE6A-FDE06102B882}.Debug|Any CPU.ActiveCfg = Debug|Any CPU
		{86AEF55B-32B7-4FF4-AE6A-FDE06102B882}.Debug|Any CPU.Build.0 = Debug|Any CPU
		{86AEF55B-32B7-4FF4-AE6A-FDE06102B882}.Release|Any CPU.ActiveCfg = Release|Any CPU
		{86AEF55B-32B7-4FF4-AE6A-FDE06102B882}.Release|Any CPU.Build.0 = Release|Any CPU
		{2155646E-50A6-4DFD-A130-B7109E54A9C8}.Debug|Any CPU.ActiveCfg = Debug|Any CPU
		{2155646E-50A6-4DFD-A130-B7109E54A9C8}.Debug|Any CPU.Build.0 = Debug|Any CPU
		{2155646E-50A6-4DFD-A130-B7109E54A9C8}.Release|Any CPU.ActiveCfg = Release|Any CPU
		{2155646E-50A6-4DFD-A130-B7109E54A9C8}.Release|Any CPU.Build.0 = Release|Any CPU
		{B36BCE1C-7763-4680-95CF-C9907D970628}.Debug|Any CPU.ActiveCfg = Debug|Any CPU
		{B36BCE1C-7763-4680-95CF-C9907D970628}.Debug|Any CPU.Build.0 = Debug|Any CPU
		{B36BCE1C-7763-4680-95CF-C9907D970628}.Release|Any CPU.ActiveCfg = Release|Any CPU
		{B36BCE1C-7763-4680-95CF-C9907D970628}.Release|Any CPU.Build.0 = Release|Any CPU
		{368DC325-9727-4DBA-88B7-B23BDBE49FCC}.Debug|Any CPU.ActiveCfg = Debug|Any CPU
		{368DC325-9727-4DBA-88B7-B23BDBE49FCC}.Debug|Any CPU.Build.0 = Debug|Any CPU
		{368DC325-9727-4DBA-88B7-B23BDBE49FCC}.Release|Any CPU.ActiveCfg = Release|Any CPU
		{368DC325-9727-4DBA-88B7-B23BDBE49FCC}.Release|Any CPU.Build.0 = Release|Any CPU
	EndGlobalSection
	GlobalSection(SolutionProperties) = preSolution
		HideSolutionNode = FALSE
	EndGlobalSection
	GlobalSection(NestedProjects) = preSolution
		{41CB5B12-843B-4175-BEDA-461F22368E88} = {8C62A082-7AEB-455A-947B-EFF546D97403}
		{86AEF55B-32B7-4FF4-AE6A-FDE06102B882} = {8C62A082-7AEB-455A-947B-EFF546D97403}
		{2155646E-50A6-4DFD-A130-B7109E54A9C8} = {9EFD0B99-33DC-44FE-873D-EBAA55D5611C}
		{B36BCE1C-7763-4680-95CF-C9907D970628} = {9EFD0B99-33DC-44FE-873D-EBAA55D5611C}
		{368DC325-9727-4DBA-88B7-B23BDBE49FCC} = {8C62A082-7AEB-455A-947B-EFF546D97403}
	EndGlobalSection
	GlobalSection(ExtensibilityGlobals) = postSolution
		SolutionGuid = {F1085DC9-8027-4919-853E-9ABB110140C2}
	EndGlobalSection
EndGlobal
